
Microsoft Visual Studio Solution File, Format Version 12.00
# Visual Studio 15
VisualStudioVersion = 15.0.26730.10
MinimumVisualStudioVersion = 10.0.40219.1
Project("{9A19103F-16F7-4668-BE54-9A1E7A4F7556}") = "Passport", "Passport\Passport.csproj", "{85662B9E-9A9F-41FD-A074-EAC2E1BC585D}"
EndProject
Project("{9A19103F-16F7-4668-BE54-9A1E7A4F7556}") = "Order", "Order\Order.csproj", "{AF8A50CC-B962-4BA4-A42F-30199CB14AA0}"
EndProject
Project("{9A19103F-16F7-4668-BE54-9A1E7A4F7556}") = "Portal", "Portal\Portal.csproj", "{4786ED5F-B494-4A67-B71A-192BCB2C4834}"
EndProject
Global
	GlobalSection(SolutionConfigurationPlatforms) = preSolution
		Debug|Any CPU = Debug|Any CPU
		Release|Any CPU = Release|Any CPU
	EndGlobalSection
	GlobalSection(ProjectConfigurationPlatforms) = postSolution
		{85662B9E-9A9F-41FD-A074-EAC2E1BC585D}.Debug|Any CPU.ActiveCfg = Debug|Any CPU
		{85662B9E-9A9F-41FD-A074-EAC2E1BC585D}.Debug|Any CPU.Build.0 = Debug|Any CPU
		{85662B9E-9A9F-41FD-A074-EAC2E1BC585D}.Release|Any CPU.ActiveCfg = Release|Any CPU
		{85662B9E-9A9F-41FD-A074-EAC2E1BC585D}.Release|Any CPU.Build.0 = Release|Any CPU
		{AF8A50CC-B962-4BA4-A42F-30199CB14AA0}.Debug|Any CPU.ActiveCfg = Debug|Any CPU
		{AF8A50CC-B962-4BA4-A42F-30199CB14AA0}.Debug|Any CPU.Build.0 = Debug|Any CPU
		{AF8A50CC-B962-4BA4-A42F-30199CB14AA0}.Release|Any CPU.ActiveCfg = Release|Any CPU
		{AF8A50CC-B962-4BA4-A42F-30199CB14AA0}.Release|Any CPU.Build.0 = Release|Any CPU
		{4786ED5F-B494-4A67-B71A-192BCB2C4834}.Debug|Any CPU.ActiveCfg = Debug|Any CPU
		{4786ED5F-B494-4A67-B71A-192BCB2C4834}.Debug|Any CPU.Build.0 = Debug|Any CPU
		{4786ED5F-B494-4A67-B71A-192BCB2C4834}.Release|Any CPU.ActiveCfg = Release|Any CPU
		{4786ED5F-B494-4A67-B71A-192BCB2C4834}.Release|Any CPU.Build.0 = Release|Any CPU
	EndGlobalSection
	GlobalSection(SolutionProperties) = preSolution
		HideSolutionNode = FALSE
	EndGlobalSection
	GlobalSection(ExtensibilityGlobals) = postSolution
		SolutionGuid = {1358C68D-4ECC-49CC-868D-FF4567BA0886}
	EndGlobalSection
EndGlobal
